
Microsoft Visual Studio Solution File, Format Version 12.00
# Visual Studio Version 16
VisualStudioVersion = 16.0.30907.101
MinimumVisualStudioVersion = 10.0.40219.1
Project("{FAE04EC0-301F-11D3-BF4B-00C04F79EFBC}") = "MalyshevUP7", "MalyshevUP7\MalyshevUP7.csproj", "{C37DC97A-A049-4925-BEB1-1FAE80B9E7F1}"
EndProject
Project("{00D1A9C2-B5F0-4AF3-8072-F6C62B433612}") = "MalyshevPractice", "..\MalyshevPractice\MalyshevPractice.sqlproj", "{95EA35C5-30CD-4872-8F19-EC8874706991}"
EndProject
Global
	GlobalSection(SolutionConfigurationPlatforms) = preSolution
		Debug|Any CPU = Debug|Any CPU
		Release|Any CPU = Release|Any CPU
	EndGlobalSection
	GlobalSection(ProjectConfigurationPlatforms) = postSolution
		{C37DC97A-A049-4925-BEB1-1FAE80B9E7F1}.Debug|Any CPU.ActiveCfg = Debug|Any CPU
		{C37DC97A-A049-4925-BEB1-1FAE80B9E7F1}.Debug|Any CPU.Build.0 = Debug|Any CPU
		{C37DC97A-A049-4925-BEB1-1FAE80B9E7F1}.Release|Any CPU.ActiveCfg = Release|Any CPU
		{C37DC97A-A049-4925-BEB1-1FAE80B9E7F1}.Release|Any CPU.Build.0 = Release|Any CPU
		{95EA35C5-30CD-4872-8F19-EC8874706991}.Debug|Any CPU.ActiveCfg = Debug|Any CPU
		{95EA35C5-30CD-4872-8F19-EC8874706991}.Debug|Any CPU.Build.0 = Debug|Any CPU
		{95EA35C5-30CD-4872-8F19-EC8874706991}.Debug|Any CPU.Deploy.0 = Debug|Any CPU
		{95EA35C5-30CD-4872-8F19-EC8874706991}.Release|Any CPU.ActiveCfg = Release|Any CPU
		{95EA35C5-30CD-4872-8F19-EC8874706991}.Release|Any CPU.Build.0 = Release|Any CPU
		{95EA35C5-30CD-4872-8F19-EC8874706991}.Release|Any CPU.Deploy.0 = Release|Any CPU
	EndGlobalSection
	GlobalSection(SolutionProperties) = preSolution
		HideSolutionNode = FALSE
	EndGlobalSection
	GlobalSection(ExtensibilityGlobals) = postSolution
		SolutionGuid = {F4A2870C-7D5F-46C4-A4F9-6C279BA9817B}
	EndGlobalSection
EndGlobal
